
Microsoft Visual Studio Solution File, Format Version 12.00
# Visual Studio Version 17
VisualStudioVersion = 17.0.31903.59
MinimumVisualStudioVersion = 10.0.40219.1
Project("{FAE04EC0-301F-11D3-BF4B-00C04F79EFBC}") = "API", "API\API.csproj", "{190111AA-1B9B-45E7-8E04-32EF80E9BD1A}"
EndProject
Project("{FAE04EC0-301F-11D3-BF4B-00C04F79EFBC}") = "Application", "Application\Application.csproj", "{1079AE61-6C20-4EFA-95DF-12183D66741E}"
EndProject
Project("{FAE04EC0-301F-11D3-BF4B-00C04F79EFBC}") = "Domain", "Domain\Domain.csproj", "{79BB823D-F157-4847-A4D2-87EC158C3303}"
EndProject
Project("{FAE04EC0-301F-11D3-BF4B-00C04F79EFBC}") = "Persistence", "Persistence\Persistence.csproj", "{1E79ED5A-4203-4862-85A5-60870D6F5959}"
EndProject
Project("{FAE04EC0-301F-11D3-BF4B-00C04F79EFBC}") = "Infrastructure", "Infrastructure\Infrastructure.csproj", "{381B70DD-E362-4834-82DE-79D77A005529}"
EndProject
Global
	GlobalSection(SolutionConfigurationPlatforms) = preSolution
		Debug|Any CPU = Debug|Any CPU
		Release|Any CPU = Release|Any CPU
	EndGlobalSection
	GlobalSection(SolutionProperties) = preSolution
		HideSolutionNode = FALSE
	EndGlobalSection
	GlobalSection(ProjectConfigurationPlatforms) = postSolution
		{190111AA-1B9B-45E7-8E04-32EF80E9BD1A}.Debug|Any CPU.ActiveCfg = Debug|Any CPU
		{190111AA-1B9B-45E7-8E04-32EF80E9BD1A}.Debug|Any CPU.Build.0 = Debug|Any CPU
		{190111AA-1B9B-45E7-8E04-32EF80E9BD1A}.Release|Any CPU.ActiveCfg = Release|Any CPU
		{190111AA-1B9B-45E7-8E04-32EF80E9BD1A}.Release|Any CPU.Build.0 = Release|Any CPU
		{1079AE61-6C20-4EFA-95DF-12183D66741E}.Debug|Any CPU.ActiveCfg = Debug|Any CPU
		{1079AE61-6C20-4EFA-95DF-12183D66741E}.Debug|Any CPU.Build.0 = Debug|Any CPU
		{1079AE61-6C20-4EFA-95DF-12183D66741E}.Release|Any CPU.ActiveCfg = Release|Any CPU
		{1079AE61-6C20-4EFA-95DF-12183D66741E}.Release|Any CPU.Build.0 = Release|Any CPU
		{79BB823D-F157-4847-A4D2-87EC158C3303}.Debug|Any CPU.ActiveCfg = Debug|Any CPU
		{79BB823D-F157-4847-A4D2-87EC158C3303}.Debug|Any CPU.Build.0 = Debug|Any CPU
		{79BB823D-F157-4847-A4D2-87EC158C3303}.Release|Any CPU.ActiveCfg = Release|Any CPU
		{79BB823D-F157-4847-A4D2-87EC158C3303}.Release|Any CPU.Build.0 = Release|Any CPU
		{1E79ED5A-4203-4862-85A5-60870D6F5959}.Debug|Any CPU.ActiveCfg = Debug|Any CPU
		{1E79ED5A-4203-4862-85A5-60870D6F5959}.Debug|Any CPU.Build.0 = Debug|Any CPU
		{1E79ED5A-4203-4862-85A5-60870D6F5959}.Release|Any CPU.ActiveCfg = Release|Any CPU
		{1E79ED5A-4203-4862-85A5-60870D6F5959}.Release|Any CPU.Build.0 = Release|Any CPU
		{381B70DD-E362-4834-82DE-79D77A005529}.Debug|Any CPU.ActiveCfg = Debug|Any CPU
		{381B70DD-E362-4834-82DE-79D77A005529}.Debug|Any CPU.Build.0 = Debug|Any CPU
		{381B70DD-E362-4834-82DE-79D77A005529}.Release|Any CPU.ActiveCfg = Release|Any CPU
		{381B70DD-E362-4834-82DE-79D77A005529}.Release|Any CPU.Build.0 = Release|Any CPU
	EndGlobalSection
EndGlobal
